// !$*UTF8*$!
{
	archiveVersion = 1;
	classes = {
	};
	objectVersion = 50;
	objects = {

/* Begin PBXBuildFile section */
		14CCAEE42603A4C6004C8D68 /* AppDelegate.swift in Sources */ = {isa = PBXBuildFile; fileRef = 14CCAEE32603A4C6004C8D68 /* AppDelegate.swift */; };
		14CCAEE62603A4C6004C8D68 /* SceneDelegate.swift in Sources */ = {isa = PBXBuildFile; fileRef = 14CCAEE52603A4C6004C8D68 /* SceneDelegate.swift */; };
		14CCAEE82603A4C6004C8D68 /* WeatherViewController.swift in Sources */ = {isa = PBXBuildFile; fileRef = 14CCAEE72603A4C6004C8D68 /* WeatherViewController.swift */; };
		14CCAEEB2603A4C6004C8D68 /* Main.storyboard in Resources */ = {isa = PBXBuildFile; fileRef = 14CCAEE92603A4C6004C8D68 /* Main.storyboard */; };
		14CCAEED2603A4C7004C8D68 /* Assets.xcassets in Resources */ = {isa = PBXBuildFile; fileRef = 14CCAEEC2603A4C7004C8D68 /* Assets.xcassets */; };
		14CCAEF02603A4C7004C8D68 /* LaunchScreen.storyboard in Resources */ = {isa = PBXBuildFile; fileRef = 14CCAEEE2603A4C7004C8D68 /* LaunchScreen.storyboard */; };
		14CCAEFE2603CF09004C8D68 /* WeatherManager.swift in Sources */ = {isa = PBXBuildFile; fileRef = 14CCAEFD2603CF09004C8D68 /* WeatherManager.swift */; };
		14CCAF042603D21A004C8D68 /* WeatherData.swift in Sources */ = {isa = PBXBuildFile; fileRef = 14CCAF032603D21A004C8D68 /* WeatherData.swift */; };
		14CCAF072603D785004C8D68 /* WeatherModel.swift in Sources */ = {isa = PBXBuildFile; fileRef = 14CCAF062603D785004C8D68 /* WeatherModel.swift */; };
/* End PBXBuildFile section */

/* Begin PBXFileReference section */
		14CCAEE02603A4C6004C8D68 /* weather.app */ = {isa = PBXFileReference; explicitFileType = wrapper.application; includeInIndex = 0; path = weather.app; sourceTree = BUILT_PRODUCTS_DIR; };
		14CCAEE32603A4C6004C8D68 /* AppDelegate.swift */ = {isa = PBXFileReference; lastKnownFileType = sourcecode.swift; path = AppDelegate.swift; sourceTree = "<group>"; };
		14CCAEE52603A4C6004C8D68 /* SceneDelegate.swift */ = {isa = PBXFileReference; lastKnownFileType = sourcecode.swift; path = SceneDelegate.swift; sourceTree = "<group>"; };
		14CCAEE72603A4C6004C8D68 /* WeatherViewController.swift */ = {isa = PBXFileReference; lastKnownFileType = sourcecode.swift; path = WeatherViewController.swift; sourceTree = "<group>"; };
		14CCAEEA2603A4C6004C8D68 /* Base */ = {isa = PBXFileReference; lastKnownFileType = file.storyboard; name = Base; path = Base.lproj/Main.storyboard; sourceTree = "<group>"; };
		14CCAEEC2603A4C7004C8D68 /* Assets.xcassets */ = {isa = PBXFileReference; lastKnownFileType = folder.assetcatalog; path = Assets.xcassets; sourceTree = "<group>"; };
		14CCAEEF2603A4C7004C8D68 /* Base */ = {isa = PBXFileReference; lastKnownFileType = file.storyboard; name = Base; path = Base.lproj/LaunchScreen.storyboard; sourceTree = "<group>"; };
		14CCAEF12603A4C7004C8D68 /* Info.plist */ = {isa = PBXFileReference; lastKnownFileType = text.plist.xml; path = Info.plist; sourceTree = "<group>"; };
		14CCAEFD2603CF09004C8D68 /* WeatherManager.swift */ = {isa = PBXFileReference; lastKnownFileType = sourcecode.swift; path = WeatherManager.swift; sourceTree = "<group>"; };
		14CCAF032603D21A004C8D68 /* WeatherData.swift */ = {isa = PBXFileReference; lastKnownFileType = sourcecode.swift; path = WeatherData.swift; sourceTree = "<group>"; };
		14CCAF062603D785004C8D68 /* WeatherModel.swift */ = {isa = PBXFileReference; lastKnownFileType = sourcecode.swift; path = WeatherModel.swift; sourceTree = "<group>"; };
/* End PBXFileReference section */

/* Begin PBXFrameworksBuildPhase section */
		14CCAEDD2603A4C6004C8D68 /* Frameworks */ = {
			isa = PBXFrameworksBuildPhase;
			buildActionMask = 2147483647;
			files = (
			);
			runOnlyForDeploymentPostprocessing = 0;
		};
/* End PBXFrameworksBuildPhase section */

/* Begin PBXGroup section */
		14CCAED72603A4C6004C8D68 = {
			isa = PBXGroup;
			children = (
				14CCAEE22603A4C6004C8D68 /* weather */,
				14CCAEE12603A4C6004C8D68 /* Products */,
			);
			sourceTree = "<group>";
		};
		14CCAEE12603A4C6004C8D68 /* Products */ = {
			isa = PBXGroup;
			children = (
				14CCAEE02603A4C6004C8D68 /* weather.app */,
			);
			name = Products;
			sourceTree = "<group>";
		};
		14CCAEE22603A4C6004C8D68 /* weather */ = {
			isa = PBXGroup;
			children = (
				14CCAEE32603A4C6004C8D68 /* AppDelegate.swift */,
				14CCAEE52603A4C6004C8D68 /* SceneDelegate.swift */,
				14CCAEF82603A4F2004C8D68 /* Controller */,
				14CCAEFA2603A4FB004C8D68 /* View */,
				14CCAEEC2603A4C7004C8D68 /* Assets.xcassets */,
				14CCAEF12603A4C7004C8D68 /* Info.plist */,
				14CCAF012603CF2D004C8D68 /* Model */,
			);
			path = weather;
			sourceTree = "<group>";
		};
		14CCAEF82603A4F2004C8D68 /* Controller */ = {
			isa = PBXGroup;
			children = (
				14CCAEE72603A4C6004C8D68 /* WeatherViewController.swift */,
			);
			path = Controller;
			sourceTree = "<group>";
		};
		14CCAEFA2603A4FB004C8D68 /* View */ = {
			isa = PBXGroup;
			children = (
				14CCAEEE2603A4C7004C8D68 /* LaunchScreen.storyboard */,
				14CCAEE92603A4C6004C8D68 /* Main.storyboard */,
			);
			path = View;
			sourceTree = "<group>";
		};
		14CCAF012603CF2D004C8D68 /* Model */ = {
			isa = PBXGroup;
			children = (
				14CCAEFD2603CF09004C8D68 /* WeatherManager.swift */,
				14CCAF032603D21A004C8D68 /* WeatherData.swift */,
				14CCAF062603D785004C8D68 /* WeatherModel.swift */,
			);
			path = Model;
			sourceTree = "<group>";
		};
/* End PBXGroup section */

/* Begin PBXNativeTarget section */
		14CCAEDF2603A4C6004C8D68 /* weather */ = {
			isa = PBXNativeTarget;
			buildConfigurationList = 14CCAEF42603A4C7004C8D68 /* Build configuration list for PBXNativeTarget "weather" */;
			buildPhases = (
				14CCAEDC2603A4C6004C8D68 /* Sources */,
				14CCAEDD2603A4C6004C8D68 /* Frameworks */,
				14CCAEDE2603A4C6004C8D68 /* Resources */,
			);
			buildRules = (
			);
			dependencies = (
			);
			name = weather;
			productName = weather;
			productReference = 14CCAEE02603A4C6004C8D68 /* weather.app */;
			productType = "com.apple.product-type.application";
		};
/* End PBXNativeTarget section */

/* Begin PBXProject section */
		14CCAED82603A4C6004C8D68 /* Project object */ = {
			isa = PBXProject;
			attributes = {
				LastSwiftUpdateCheck = 1240;
				LastUpgradeCheck = 1240;
				TargetAttributes = {
					14CCAEDF2603A4C6004C8D68 = {
						CreatedOnToolsVersion = 12.4;
					};
				};
			};
			buildConfigurationList = 14CCAEDB2603A4C6004C8D68 /* Build configuration list for PBXProject "weather" */;
			compatibilityVersion = "Xcode 9.3";
			developmentRegion = en;
			hasScannedForEncodings = 0;
			knownRegions = (
				en,
				Base,
			);
			mainGroup = 14CCAED72603A4C6004C8D68;
			productRefGroup = 14CCAEE12603A4C6004C8D68 /* Products */;
			projectDirPath = "";
			projectRoot = "";
			targets = (
				14CCAEDF2603A4C6004C8D68 /* weather */,
			);
		};
/* End PBXProject section */

/* Begin PBXResourcesBuildPhase section */
		14CCAEDE2603A4C6004C8D68 /* Resources */ = {
			isa = PBXResourcesBuildPhase;
			buildActionMask = 2147483647;
			files = (
				14CCAEF02603A4C7004C8D68 /* LaunchScreen.storyboard in Resources */,
				14CCAEED2603A4C7004C8D68 /* Assets.xcassets in Resources */,
				14CCAEEB2603A4C6004C8D68 /* Main.storyboard in Resources */,
			);
			runOnlyForDeploymentPostprocessing = 0;
		};
/* End PBXResourcesBuildPhase section */

/* Begin PBXSourcesBuildPhase section */
		14CCAEDC2603A4C6004C8D68 /* Sources */ = {
			isa = PBXSourcesBuildPhase;
			buildActionMask = 2147483647;
			files = (
				14CCAEE82603A4C6004C8D68 /* WeatherViewController.swift in Sources */,
				14CCAF042603D21A004C8D68 /* WeatherData.swift in Sources */,
				14CCAEE42603A4C6004C8D68 /* AppDelegate.swift in Sources */,
				14CCAEFE2603CF09004C8D68 /* WeatherManager.swift in Sources */,
				14CCAF072603D785004C8D68 /* WeatherModel.swift in Sources */,
				14CCAEE62603A4C6004C8D68 /* SceneDelegate.swift in Sources */,
			);
			runOnlyForDeploymentPostprocessing = 0;
		};
/* End PBXSourcesBuildPhase section */

/* Begin PBXVariantGroup section */
		14CCAEE92603A4C6004C8D68 /* Main.storyboard */ = {
			isa = PBXVariantGroup;
			children = (
				14CCAEEA2603A4C6004C8D68 /* Base */,
			);
			name = Main.storyboard;
			sourceTree = "<group>";
		};
		14CCAEEE2603A4C7004C8D68 /* LaunchScreen.storyboard */ = {
			isa = PBXVariantGroup;
			children = (
				14CCAEEF2603A4C7004C8D68 /* Base */,
			);
			name = LaunchScreen.storyboard;
			sourceTree = "<group>";
		};
/* End PBXVariantGroup section */

/* Begin XCBuildConfiguration section */
		14CCAEF22603A4C7004C8D68 /* Debug */ = {
			isa = XCBuildConfiguration;
			buildSettings = {
				ALWAYS_SEARCH_USER_PATHS = NO;
				CLANG_ANALYZER_NONNULL = YES;
				CLANG_ANALYZER_NUMBER_OBJECT_CONVERSION = YES_AGGRESSIVE;
				CLANG_CXX_LANGUAGE_STANDARD = "gnu++14";
				CLANG_CXX_LIBRARY = "libc++";
				CLANG_ENABLE_MODULES = YES;
				CLANG_ENABLE_OBJC_ARC = YES;
				CLANG_ENABLE_OBJC_WEAK = YES;
				CLANG_WARN_BLOCK_CAPTURE_AUTORELEASING = YES;
				CLANG_WARN_BOOL_CONVERSION = YES;
				CLANG_WARN_COMMA = YES;
				CLANG_WARN_CONSTANT_CONVERSION = YES;
				CLANG_WARN_DEPRECATED_OBJC_IMPLEMENTATIONS = YES;
				CLANG_WARN_DIRECT_OBJC_ISA_USAGE = YES_ERROR;
				CLANG_WARN_DOCUMENTATION_COMMENTS = YES;
				CLANG_WARN_EMPTY_BODY = YES;
				CLANG_WARN_ENUM_CONVERSION = YES;
				CLANG_WARN_INFINITE_RECURSION = YES;
				CLANG_WARN_INT_CONVERSION = YES;
				CLANG_WARN_NON_LITERAL_NULL_CONVERSION = YES;
				CLANG_WARN_OBJC_IMPLICIT_RETAIN_SELF = YES;
				CLANG_WARN_OBJC_LITERAL_CONVERSION = YES;
				CLANG_WARN_OBJC_ROOT_CLASS = YES_ERROR;
				CLANG_WARN_QUOTED_INCLUDE_IN_FRAMEWORK_HEADER = YES;
				CLANG_WARN_RANGE_LOOP_ANALYSIS = YES;
				CLANG_WARN_STRICT_PROTOTYPES = YES;
				CLANG_WARN_SUSPICIOUS_MOVE = YES;
				CLANG_WARN_UNGUARDED_AVAILABILITY = YES_AGGRESSIVE;
				CLANG_WARN_UNREACHABLE_CODE = YES;
				CLANG_WARN__DUPLICATE_METHOD_MATCH = YES;
				COPY_PHASE_STRIP = NO;
				DEBUG_INFORMATION_FORMAT = dwarf;
				ENABLE_STRICT_OBJC_MSGSEND = YES;
				ENABLE_TESTABILITY = YES;
				GCC_C_LANGUAGE_STANDARD = gnu11;
				GCC_DYNAMIC_NO_PIC = NO;
				GCC_NO_COMMON_BLOCKS = YES;
				GCC_OPTIMIZATION_LEVEL = 0;
				GCC_PREPROCESSOR_DEFINITIONS = (
					"DEBUG=1",
					"$(inherited)",
				);
				GCC_WARN_64_TO_32_BIT_CONVERSION = YES;
				GCC_WARN_ABOUT_RETURN_TYPE = YES_ERROR;
				GCC_WARN_UNDECLARED_SELECTOR = YES;
				GCC_WARN_UNINITIALIZED_AUTOS = YES_AGGRESSIVE;
				GCC_WARN_UNUSED_FUNCTION = YES;
				GCC_WARN_UNUSED_VARIABLE = YES;
				IPHONEOS_DEPLOYMENT_TARGET = 14.4;
				MTL_ENABLE_DEBUG_INFO = INCLUDE_SOURCE;
				MTL_FAST_MATH = YES;
				ONLY_ACTIVE_ARCH = YES;
				SDKROOT = iphoneos;
				SWIFT_ACTIVE_COMPILATION_CONDITIONS = DEBUG;
				SWIFT_OPTIMIZATION_LEVEL = "-Onone";
			};
			name = Debug;
		};
		14CCAEF32603A4C7004C8D68 /* Release */ = {
			isa = XCBuildConfiguration;
			buildSettings = {
				ALWAYS_SEARCH_USER_PATHS = NO;
				CLANG_ANALYZER_NONNULL = YES;
				CLANG_ANALYZER_NUMBER_OBJECT_CONVERSION = YES_AGGRESSIVE;
				CLANG_CXX_LANGUAGE_STANDARD = "gnu++14";
				CLANG_CXX_LIBRARY = "libc++";
				CLANG_ENABLE_MODULES = YES;
				CLANG_ENABLE_OBJC_ARC = YES;
				CLANG_ENABLE_OBJC_WEAK = YES;
				CLANG_WARN_BLOCK_CAPTURE_AUTORELEASING = YES;
				CLANG_WARN_BOOL_CONVERSION = YES;
				CLANG_WARN_COMMA = YES;
				CLANG_WARN_CONSTANT_CONVERSION = YES;
				CLANG_WARN_DEPRECATED_OBJC_IMPLEMENTATIONS = YES;
				CLANG_WARN_DIRECT_OBJC_ISA_USAGE = YES_ERROR;
				CLANG_WARN_DOCUMENTATION_COMMENTS = YES;
				CLANG_WARN_EMPTY_BODY = YES;
				CLANG_WARN_ENUM_CONVERSION = YES;
				CLANG_WARN_INFINITE_RECURSION = YES;
				CLANG_WARN_INT_CONVERSION = YES;
				CLANG_WARN_NON_LITERAL_NULL_CONVERSION = YES;
				CLANG_WARN_OBJC_IMPLICIT_RETAIN_SELF = YES;
				CLANG_WARN_OBJC_LITERAL_CONVERSION = YES;
				CLANG_WARN_OBJC_ROOT_CLASS = YES_ERROR;
				CLANG_WARN_QUOTED_INCLUDE_IN_FRAMEWORK_HEADER = YES;
				CLANG_WARN_RANGE_LOOP_ANALYSIS = YES;
				CLANG_WARN_STRICT_PROTOTYPES = YES;
				CLANG_WARN_SUSPICIOUS_MOVE = YES;
				CLANG_WARN_UNGUARDED_AVAILABILITY = YES_AGGRESSIVE;
				CLANG_WARN_UNREACHABLE_CODE = YES;
				CLANG_WARN__DUPLICATE_METHOD_MATCH = YES;
				COPY_PHASE_STRIP = NO;
				DEBUG_INFORMATION_FORMAT = "dwarf-with-dsym";
				ENABLE_NS_ASSERTIONS = NO;
				ENABLE_STRICT_OBJC_MSGSEND = YES;
				GCC_C_LANGUAGE_STANDARD = gnu11;
				GCC_NO_COMMON_BLOCKS = YES;
				GCC_WARN_64_TO_32_BIT_CONVERSION = YES;
				GCC_WARN_ABOUT_RETURN_TYPE = YES_ERROR;
				GCC_WARN_UNDECLARED_SELECTOR = YES;
				GCC_WARN_UNINITIALIZED_AUTOS = YES_AGGRESSIVE;
				GCC_WARN_UNUSED_FUNCTION = YES;
				GCC_WARN_UNUSED_VARIABLE = YES;
				IPHONEOS_DEPLOYMENT_TARGET = 14.4;
				MTL_ENABLE_DEBUG_INFO = NO;
				MTL_FAST_MATH = YES;
				SDKROOT = iphoneos;
				SWIFT_COMPILATION_MODE = wholemodule;
				SWIFT_OPTIMIZATION_LEVEL = "-O";
				VALIDATE_PRODUCT = YES;
			};
			name = Release;
		};
		14CCAEF52603A4C7004C8D68 /* Debug */ = {
			isa = XCBuildConfiguration;
			buildSettings = {
				ASSETCATALOG_COMPILER_APPICON_NAME = AppIcon;
				ASSETCATALOG_COMPILER_GLOBAL_ACCENT_COLOR_NAME = AccentColor;
				CODE_SIGN_STYLE = Automatic;
				INFOPLIST_FILE = weather/Info.plist;
				LD_RUNPATH_SEARCH_PATHS = (
					"$(inherited)",
					"@executable_path/Frameworks",
				);
				PRODUCT_BUNDLE_IDENTIFIER = com.deep.skyrolly;
				PRODUCT_NAME = "$(TARGET_NAME)";
				SWIFT_VERSION = 5.0;
				TARGETED_DEVICE_FAMILY = "1,2";
			};
			name = Debug;
		};
		14CCAEF62603A4C7004C8D68 /* Release */ = {
			isa = XCBuildConfiguration;
			buildSettings = {
				ASSETCATALOG_COMPILER_APPICON_NAME = AppIcon;
				ASSETCATALOG_COMPILER_GLOBAL_ACCENT_COLOR_NAME = AccentColor;
				CODE_SIGN_STYLE = Automatic;
				INFOPLIST_FILE = weather/Info.plist;
				LD_RUNPATH_SEARCH_PATHS = (
					"$(inherited)",
					"@executable_path/Frameworks",
				);
				PRODUCT_BUNDLE_IDENTIFIER = com.deep.skyrolly;
				PRODUCT_NAME = "$(TARGET_NAME)";
				SWIFT_VERSION = 5.0;
				TARGETED_DEVICE_FAMILY = "1,2";
			};
			name = Release;
		};
/* End XCBuildConfiguration section */

/* Begin XCConfigurationList section */
		14CCAEDB2603A4C6004C8D68 /* Build configuration list for PBXProject "weather" */ = {
			isa = XCConfigurationList;
			buildConfigurations = (
				14CCAEF22603A4C7004C8D68 /* Debug */,
				14CCAEF32603A4C7004C8D68 /* Release */,
			);
			defaultConfigurationIsVisible = 0;
			defaultConfigurationName = Release;
		};
		14CCAEF42603A4C7004C8D68 /* Build configuration list for PBXNativeTarget "weather" */ = {
			isa = XCConfigurationList;
			buildConfigurations = (
				14CCAEF52603A4C7004C8D68 /* Debug */,
				14CCAEF62603A4C7004C8D68 /* Release */,
			);
			defaultConfigurationIsVisible = 0;
			defaultConfigurationName = Release;
		};
/* End XCConfigurationList section */
	};
	rootObject = 14CCAED82603A4C6004C8D68 /* Project object */;
}
